
Microsoft Visual Studio Solution File, Format Version 12.00
# Visual Studio 2012
Project("{FAE04EC0-301F-11D3-BF4B-00C04F79EFBC}") = "Methods 01", "Metods 01\Methods 01.csproj", "{E0F4E045-5FDA-45C4-B409-3B7F17300F12}"
EndProject
Project("{FAE04EC0-301F-11D3-BF4B-00C04F79EFBC}") = "Methods 02", "Metods 02\Methods 02.csproj", "{56E94CA6-33B8-4963-86C2-0DACA25CFF9F}"
EndProject
Project("{FAE04EC0-301F-11D3-BF4B-00C04F79EFBC}") = "Methods 03", "Metods 03\Methods 03.csproj", "{E71CDAB3-414F-49C4-A12B-878FDD6FE8CB}"
EndProject
Project("{FAE04EC0-301F-11D3-BF4B-00C04F79EFBC}") = "Methods 04", "Metods 04\Methods 04.csproj", "{9DF01B1D-3940-4A2A-8F1A-61F838F4F600}"
EndProject
Project("{FAE04EC0-301F-11D3-BF4B-00C04F79EFBC}") = "Methods 05", "Metods 05\Methods 05.csproj", "{919FF4B3-1857-44BB-A8D7-FE3C1B6BA697}"
EndProject
Project("{FAE04EC0-301F-11D3-BF4B-00C04F79EFBC}") = "Methods 06", "Metods 06\Methods 06.csproj", "{18683901-9410-42EF-AAC3-966A01DFFA4D}"
EndProject
Project("{FAE04EC0-301F-11D3-BF4B-00C04F79EFBC}") = "Methods 07", "Metods 07\Methods 07.csproj", "{7E7A5E60-CFC8-441E-9DA7-CBCE3A3488C9}"
EndProject
Project("{FAE04EC0-301F-11D3-BF4B-00C04F79EFBC}") = "Methods 08", "Metods 08\Methods 08.csproj", "{F6F3C78F-105D-43C9-903E-1E5A171D50DF}"
EndProject
Project("{FAE04EC0-301F-11D3-BF4B-00C04F79EFBC}") = "Methods 09", "Metods 09\Methods 09.csproj", "{B0D6C988-96F7-4784-8EF5-4728224E9889}"
EndProject
Project("{FAE04EC0-301F-11D3-BF4B-00C04F79EFBC}") = "Methods 10", "Metods 10\Methods 10.csproj", "{D20C96E4-C85C-4C30-AEDF-5D2ACA82C5E7}"
EndProject
Project("{FAE04EC0-301F-11D3-BF4B-00C04F79EFBC}") = "Methods 11", "Metods 11\Methods 11.csproj", "{E02F5D8E-352D-4CFD-9E2B-0E445CF38D6B}"
EndProject
Project("{FAE04EC0-301F-11D3-BF4B-00C04F79EFBC}") = "Methods 12", "Metods 12\Methods 12.csproj", "{0C8DC9AF-3689-480F-AC8D-64E7082D07C8}"
EndProject
Project("{FAE04EC0-301F-11D3-BF4B-00C04F79EFBC}") = "Methods 13", "Metods 13\Methods 13.csproj", "{3E1CB53B-49A6-43C6-BD2C-803D740669A6}"
EndProject
Project("{FAE04EC0-301F-11D3-BF4B-00C04F79EFBC}") = "Methods 14", "Metods 14\Methods 14.csproj", "{69DF5C6E-E0FE-49D8-A17B-FE43C7BC9D36}"
EndProject
Project("{FAE04EC0-301F-11D3-BF4B-00C04F79EFBC}") = "Methods 15", "Metods 15\Methods 15.csproj", "{3B79D1AC-BD17-4371-B0FB-0B6E1EB614F7}"
EndProject
Global
	GlobalSection(SolutionConfigurationPlatforms) = preSolution
		Debug|Any CPU = Debug|Any CPU
		Release|Any CPU = Release|Any CPU
	EndGlobalSection
	GlobalSection(ProjectConfigurationPlatforms) = postSolution
		{E0F4E045-5FDA-45C4-B409-3B7F17300F12}.Debug|Any CPU.ActiveCfg = Debug|Any CPU
		{E0F4E045-5FDA-45C4-B409-3B7F17300F12}.Debug|Any CPU.Build.0 = Debug|Any CPU
		{E0F4E045-5FDA-45C4-B409-3B7F17300F12}.Release|Any CPU.ActiveCfg = Release|Any CPU
		{E0F4E045-5FDA-45C4-B409-3B7F17300F12}.Release|Any CPU.Build.0 = Release|Any CPU
		{56E94CA6-33B8-4963-86C2-0DACA25CFF9F}.Debug|Any CPU.ActiveCfg = Debug|Any CPU
		{56E94CA6-33B8-4963-86C2-0DACA25CFF9F}.Debug|Any CPU.Build.0 = Debug|Any CPU
		{56E94CA6-33B8-4963-86C2-0DACA25CFF9F}.Release|Any CPU.ActiveCfg = Release|Any CPU
		{56E94CA6-33B8-4963-86C2-0DACA25CFF9F}.Release|Any CPU.Build.0 = Release|Any CPU
		{E71CDAB3-414F-49C4-A12B-878FDD6FE8CB}.Debug|Any CPU.ActiveCfg = Debug|Any CPU
		{E71CDAB3-414F-49C4-A12B-878FDD6FE8CB}.Debug|Any CPU.Build.0 = Debug|Any CPU
		{E71CDAB3-414F-49C4-A12B-878FDD6FE8CB}.Release|Any CPU.ActiveCfg = Release|Any CPU
		{E71CDAB3-414F-49C4-A12B-878FDD6FE8CB}.Release|Any CPU.Build.0 = Release|Any CPU
		{9DF01B1D-3940-4A2A-8F1A-61F838F4F600}.Debug|Any CPU.ActiveCfg = Debug|Any CPU
		{9DF01B1D-3940-4A2A-8F1A-61F838F4F600}.Debug|Any CPU.Build.0 = Debug|Any CPU
		{9DF01B1D-3940-4A2A-8F1A-61F838F4F600}.Release|Any CPU.ActiveCfg = Release|Any CPU
		{9DF01B1D-3940-4A2A-8F1A-61F838F4F600}.Release|Any CPU.Build.0 = Release|Any CPU
		{919FF4B3-1857-44BB-A8D7-FE3C1B6BA697}.Debug|Any CPU.ActiveCfg = Debug|Any CPU
		{919FF4B3-1857-44BB-A8D7-FE3C1B6BA697}.Debug|Any CPU.Build.0 = Debug|Any CPU
		{919FF4B3-1857-44BB-A8D7-FE3C1B6BA697}.Release|Any CPU.ActiveCfg = Release|Any CPU
		{919FF4B3-1857-44BB-A8D7-FE3C1B6BA697}.Release|Any CPU.Build.0 = Release|Any CPU
		{18683901-9410-42EF-AAC3-966A01DFFA4D}.Debug|Any CPU.ActiveCfg = Debug|Any CPU
		{18683901-9410-42EF-AAC3-966A01DFFA4D}.Debug|Any CPU.Build.0 = Debug|Any CPU
		{18683901-9410-42EF-AAC3-966A01DFFA4D}.Release|Any CPU.ActiveCfg = Release|Any CPU
		{18683901-9410-42EF-AAC3-966A01DFFA4D}.Release|Any CPU.Build.0 = Release|Any CPU
		{7E7A5E60-CFC8-441E-9DA7-CBCE3A3488C9}.Debug|Any CPU.ActiveCfg = Debug|Any CPU
		{7E7A5E60-CFC8-441E-9DA7-CBCE3A3488C9}.Debug|Any CPU.Build.0 = Debug|Any CPU
		{7E7A5E60-CFC8-441E-9DA7-CBCE3A3488C9}.Release|Any CPU.ActiveCfg = Release|Any CPU
		{7E7A5E60-CFC8-441E-9DA7-CBCE3A3488C9}.Release|Any CPU.Build.0 = Release|Any CPU
		{F6F3C78F-105D-43C9-903E-1E5A171D50DF}.Debug|Any CPU.ActiveCfg = Debug|Any CPU
		{F6F3C78F-105D-43C9-903E-1E5A171D50DF}.Debug|Any CPU.Build.0 = Debug|Any CPU
		{F6F3C78F-105D-43C9-903E-1E5A171D50DF}.Release|Any CPU.ActiveCfg = Release|Any CPU
		{F6F3C78F-105D-43C9-903E-1E5A171D50DF}.Release|Any CPU.Build.0 = Release|Any CPU
		{B0D6C988-96F7-4784-8EF5-4728224E9889}.Debug|Any CPU.ActiveCfg = Debug|Any CPU
		{B0D6C988-96F7-4784-8EF5-4728224E9889}.Debug|Any CPU.Build.0 = Debug|Any CPU
		{B0D6C988-96F7-4784-8EF5-4728224E9889}.Release|Any CPU.ActiveCfg = Release|Any CPU
		{B0D6C988-96F7-4784-8EF5-4728224E9889}.Release|Any CPU.Build.0 = Release|Any CPU
		{D20C96E4-C85C-4C30-AEDF-5D2ACA82C5E7}.Debug|Any CPU.ActiveCfg = Debug|Any CPU
		{D20C96E4-C85C-4C30-AEDF-5D2ACA82C5E7}.Debug|Any CPU.Build.0 = Debug|Any CPU
		{D20C96E4-C85C-4C30-AEDF-5D2ACA82C5E7}.Release|Any CPU.ActiveCfg = Release|Any CPU
		{D20C96E4-C85C-4C30-AEDF-5D2ACA82C5E7}.Release|Any CPU.Build.0 = Release|Any CPU
		{E02F5D8E-352D-4CFD-9E2B-0E445CF38D6B}.Debug|Any CPU.ActiveCfg = Debug|Any CPU
		{E02F5D8E-352D-4CFD-9E2B-0E445CF38D6B}.Debug|Any CPU.Build.0 = Debug|Any CPU
		{E02F5D8E-352D-4CFD-9E2B-0E445CF38D6B}.Release|Any CPU.ActiveCfg = Release|Any CPU
		{E02F5D8E-352D-4CFD-9E2B-0E445CF38D6B}.Release|Any CPU.Build.0 = Release|Any CPU
		{0C8DC9AF-3689-480F-AC8D-64E7082D07C8}.Debug|Any CPU.ActiveCfg = Debug|Any CPU
		{0C8DC9AF-3689-480F-AC8D-64E7082D07C8}.Debug|Any CPU.Build.0 = Debug|Any CPU
		{0C8DC9AF-3689-480F-AC8D-64E7082D07C8}.Release|Any CPU.ActiveCfg = Release|Any CPU
		{0C8DC9AF-3689-480F-AC8D-64E7082D07C8}.Release|Any CPU.Build.0 = Release|Any CPU
		{3E1CB53B-49A6-43C6-BD2C-803D740669A6}.Debug|Any CPU.ActiveCfg = Debug|Any CPU
		{3E1CB53B-49A6-43C6-BD2C-803D740669A6}.Debug|Any CPU.Build.0 = Debug|Any CPU
		{3E1CB53B-49A6-43C6-BD2C-803D740669A6}.Release|Any CPU.ActiveCfg = Release|Any CPU
		{3E1CB53B-49A6-43C6-BD2C-803D740669A6}.Release|Any CPU.Build.0 = Release|Any CPU
		{69DF5C6E-E0FE-49D8-A17B-FE43C7BC9D36}.Debug|Any CPU.ActiveCfg = Debug|Any CPU
		{69DF5C6E-E0FE-49D8-A17B-FE43C7BC9D36}.Debug|Any CPU.Build.0 = Debug|Any CPU
		{69DF5C6E-E0FE-49D8-A17B-FE43C7BC9D36}.Release|Any CPU.ActiveCfg = Release|Any CPU
		{69DF5C6E-E0FE-49D8-A17B-FE43C7BC9D36}.Release|Any CPU.Build.0 = Release|Any CPU
		{3B79D1AC-BD17-4371-B0FB-0B6E1EB614F7}.Debug|Any CPU.ActiveCfg = Debug|Any CPU
		{3B79D1AC-BD17-4371-B0FB-0B6E1EB614F7}.Debug|Any CPU.Build.0 = Debug|Any CPU
		{3B79D1AC-BD17-4371-B0FB-0B6E1EB614F7}.Release|Any CPU.ActiveCfg = Release|Any CPU
		{3B79D1AC-BD17-4371-B0FB-0B6E1EB614F7}.Release|Any CPU.Build.0 = Release|Any CPU
	EndGlobalSection
	GlobalSection(SolutionProperties) = preSolution
		HideSolutionNode = FALSE
	EndGlobalSection
EndGlobal
