
Microsoft Visual Studio Solution File, Format Version 12.00
# Visual Studio 2012
Project("{FAE04EC0-301F-11D3-BF4B-00C04F79EFBC}") = "01. PrintOnlyOddLinesfromFile", "01. TextFiles\01. PrintOnlyOddLinesfromFile.csproj", "{19F12AB8-AA01-4B49-8201-E602AD06028B}"
EndProject
Project("{FAE04EC0-301F-11D3-BF4B-00C04F79EFBC}") = "02. AddTwoFiles", "02. TextFiles\02. AddTwoFiles.csproj", "{1858DBB1-E1DC-41EC-89B1-F3053F6EA94E}"
EndProject
Project("{FAE04EC0-301F-11D3-BF4B-00C04F79EFBC}") = "03. WriteTextFromFileWithLineNumbers", "03. TextFiles\03. WriteTextFromFileWithLineNumbers.csproj", "{F0EE9CCE-3B22-4B19-976A-2A911AA4669B}"
EndProject
Project("{FAE04EC0-301F-11D3-BF4B-00C04F79EFBC}") = "04. ComparingFiles", "04. TextFiles\04. ComparingFiles.csproj", "{23EB014E-A0A6-46C5-B5AC-7886CD29B9C6}"
EndProject
Project("{FAE04EC0-301F-11D3-BF4B-00C04F79EFBC}") = "05. MaxSumInMatrix", "05. TextFiles\05. MaxSumInMatrix.csproj", "{149781A4-F4E1-4013-843E-29030D5C4CCE}"
EndProject
Project("{FAE04EC0-301F-11D3-BF4B-00C04F79EFBC}") = "06. SortWords", "06. TextFiles\06. SortWords.csproj", "{04668CB3-45B7-4A53-ACE5-7773E6410875}"
EndProject
Project("{FAE04EC0-301F-11D3-BF4B-00C04F79EFBC}") = "07. ReplacesWords", "07. TextFiles\07. ReplacesWords.csproj", "{ACF9F250-2A5C-4C17-8420-7B2F7F30DCE7}"
EndProject
Project("{FAE04EC0-301F-11D3-BF4B-00C04F79EFBC}") = "10. ExtractXMLFormat", "10. TextFiles\10. ExtractXMLFormat.csproj", "{1F5EF63C-4C72-44FC-9D24-9FE0FEA53E80}"
EndProject
Project("{FAE04EC0-301F-11D3-BF4B-00C04F79EFBC}") = "11. RemoveWordsWithPrefix", "11. TextFiles\11. RemoveWordsWithPrefix.csproj", "{3D0AE4C4-576C-42A4-8DDA-880DA70A8C1D}"
EndProject
Project("{FAE04EC0-301F-11D3-BF4B-00C04F79EFBC}") = "12. RemovingWordsFromFile", "12. TextFiles\12. RemovingWordsFromFile.csproj", "{BE11C909-8EDA-493C-BE1F-A316C6F94213}"
EndProject
Project("{FAE04EC0-301F-11D3-BF4B-00C04F79EFBC}") = "13. TextFiles", "13. TextFiles\13. TextFiles.csproj", "{7F9342D8-EE08-48EE-A391-0C01DD76872B}"
EndProject
Project("{FAE04EC0-301F-11D3-BF4B-00C04F79EFBC}") = "08. RreplaceOnlyWholeWords", "08. TextFiles\08. RreplaceOnlyWholeWords.csproj", "{C40C693E-4CFF-419A-A0A9-DEF5E9B2CB2C}"
EndProject
Project("{FAE04EC0-301F-11D3-BF4B-00C04F79EFBC}") = "09. DeleteOddRows", "09. TextFiles\09. DeleteOddRows.csproj", "{5219B464-29D7-425D-87DD-F66B1FBCC618}"
EndProject
Global
	GlobalSection(SolutionConfigurationPlatforms) = preSolution
		Debug|Any CPU = Debug|Any CPU
		Release|Any CPU = Release|Any CPU
	EndGlobalSection
	GlobalSection(ProjectConfigurationPlatforms) = postSolution
		{19F12AB8-AA01-4B49-8201-E602AD06028B}.Debug|Any CPU.ActiveCfg = Debug|Any CPU
		{19F12AB8-AA01-4B49-8201-E602AD06028B}.Debug|Any CPU.Build.0 = Debug|Any CPU
		{19F12AB8-AA01-4B49-8201-E602AD06028B}.Release|Any CPU.ActiveCfg = Release|Any CPU
		{19F12AB8-AA01-4B49-8201-E602AD06028B}.Release|Any CPU.Build.0 = Release|Any CPU
		{1858DBB1-E1DC-41EC-89B1-F3053F6EA94E}.Debug|Any CPU.ActiveCfg = Debug|Any CPU
		{1858DBB1-E1DC-41EC-89B1-F3053F6EA94E}.Debug|Any CPU.Build.0 = Debug|Any CPU
		{1858DBB1-E1DC-41EC-89B1-F3053F6EA94E}.Release|Any CPU.ActiveCfg = Release|Any CPU
		{1858DBB1-E1DC-41EC-89B1-F3053F6EA94E}.Release|Any CPU.Build.0 = Release|Any CPU
		{F0EE9CCE-3B22-4B19-976A-2A911AA4669B}.Debug|Any CPU.ActiveCfg = Debug|Any CPU
		{F0EE9CCE-3B22-4B19-976A-2A911AA4669B}.Debug|Any CPU.Build.0 = Debug|Any CPU
		{F0EE9CCE-3B22-4B19-976A-2A911AA4669B}.Release|Any CPU.ActiveCfg = Release|Any CPU
		{F0EE9CCE-3B22-4B19-976A-2A911AA4669B}.Release|Any CPU.Build.0 = Release|Any CPU
		{23EB014E-A0A6-46C5-B5AC-7886CD29B9C6}.Debug|Any CPU.ActiveCfg = Debug|Any CPU
		{23EB014E-A0A6-46C5-B5AC-7886CD29B9C6}.Debug|Any CPU.Build.0 = Debug|Any CPU
		{23EB014E-A0A6-46C5-B5AC-7886CD29B9C6}.Release|Any CPU.ActiveCfg = Release|Any CPU
		{23EB014E-A0A6-46C5-B5AC-7886CD29B9C6}.Release|Any CPU.Build.0 = Release|Any CPU
		{149781A4-F4E1-4013-843E-29030D5C4CCE}.Debug|Any CPU.ActiveCfg = Debug|Any CPU
		{149781A4-F4E1-4013-843E-29030D5C4CCE}.Debug|Any CPU.Build.0 = Debug|Any CPU
		{149781A4-F4E1-4013-843E-29030D5C4CCE}.Release|Any CPU.ActiveCfg = Release|Any CPU
		{149781A4-F4E1-4013-843E-29030D5C4CCE}.Release|Any CPU.Build.0 = Release|Any CPU
		{04668CB3-45B7-4A53-ACE5-7773E6410875}.Debug|Any CPU.ActiveCfg = Debug|Any CPU
		{04668CB3-45B7-4A53-ACE5-7773E6410875}.Debug|Any CPU.Build.0 = Debug|Any CPU
		{04668CB3-45B7-4A53-ACE5-7773E6410875}.Release|Any CPU.ActiveCfg = Release|Any CPU
		{04668CB3-45B7-4A53-ACE5-7773E6410875}.Release|Any CPU.Build.0 = Release|Any CPU
		{ACF9F250-2A5C-4C17-8420-7B2F7F30DCE7}.Debug|Any CPU.ActiveCfg = Debug|Any CPU
		{ACF9F250-2A5C-4C17-8420-7B2F7F30DCE7}.Debug|Any CPU.Build.0 = Debug|Any CPU
		{ACF9F250-2A5C-4C17-8420-7B2F7F30DCE7}.Release|Any CPU.ActiveCfg = Release|Any CPU
		{ACF9F250-2A5C-4C17-8420-7B2F7F30DCE7}.Release|Any CPU.Build.0 = Release|Any CPU
		{1F5EF63C-4C72-44FC-9D24-9FE0FEA53E80}.Debug|Any CPU.ActiveCfg = Debug|Any CPU
		{1F5EF63C-4C72-44FC-9D24-9FE0FEA53E80}.Debug|Any CPU.Build.0 = Debug|Any CPU
		{1F5EF63C-4C72-44FC-9D24-9FE0FEA53E80}.Release|Any CPU.ActiveCfg = Release|Any CPU
		{1F5EF63C-4C72-44FC-9D24-9FE0FEA53E80}.Release|Any CPU.Build.0 = Release|Any CPU
		{3D0AE4C4-576C-42A4-8DDA-880DA70A8C1D}.Debug|Any CPU.ActiveCfg = Debug|Any CPU
		{3D0AE4C4-576C-42A4-8DDA-880DA70A8C1D}.Debug|Any CPU.Build.0 = Debug|Any CPU
		{3D0AE4C4-576C-42A4-8DDA-880DA70A8C1D}.Release|Any CPU.ActiveCfg = Release|Any CPU
		{3D0AE4C4-576C-42A4-8DDA-880DA70A8C1D}.Release|Any CPU.Build.0 = Release|Any CPU
		{BE11C909-8EDA-493C-BE1F-A316C6F94213}.Debug|Any CPU.ActiveCfg = Debug|Any CPU
		{BE11C909-8EDA-493C-BE1F-A316C6F94213}.Debug|Any CPU.Build.0 = Debug|Any CPU
		{BE11C909-8EDA-493C-BE1F-A316C6F94213}.Release|Any CPU.ActiveCfg = Release|Any CPU
		{BE11C909-8EDA-493C-BE1F-A316C6F94213}.Release|Any CPU.Build.0 = Release|Any CPU
		{7F9342D8-EE08-48EE-A391-0C01DD76872B}.Debug|Any CPU.ActiveCfg = Debug|Any CPU
		{7F9342D8-EE08-48EE-A391-0C01DD76872B}.Debug|Any CPU.Build.0 = Debug|Any CPU
		{7F9342D8-EE08-48EE-A391-0C01DD76872B}.Release|Any CPU.ActiveCfg = Release|Any CPU
		{7F9342D8-EE08-48EE-A391-0C01DD76872B}.Release|Any CPU.Build.0 = Release|Any CPU
		{C40C693E-4CFF-419A-A0A9-DEF5E9B2CB2C}.Debug|Any CPU.ActiveCfg = Debug|Any CPU
		{C40C693E-4CFF-419A-A0A9-DEF5E9B2CB2C}.Debug|Any CPU.Build.0 = Debug|Any CPU
		{C40C693E-4CFF-419A-A0A9-DEF5E9B2CB2C}.Release|Any CPU.ActiveCfg = Release|Any CPU
		{C40C693E-4CFF-419A-A0A9-DEF5E9B2CB2C}.Release|Any CPU.Build.0 = Release|Any CPU
		{5219B464-29D7-425D-87DD-F66B1FBCC618}.Debug|Any CPU.ActiveCfg = Debug|Any CPU
		{5219B464-29D7-425D-87DD-F66B1FBCC618}.Debug|Any CPU.Build.0 = Debug|Any CPU
		{5219B464-29D7-425D-87DD-F66B1FBCC618}.Release|Any CPU.ActiveCfg = Release|Any CPU
		{5219B464-29D7-425D-87DD-F66B1FBCC618}.Release|Any CPU.Build.0 = Release|Any CPU
	EndGlobalSection
	GlobalSection(SolutionProperties) = preSolution
		HideSolutionNode = FALSE
	EndGlobalSection
EndGlobal
