
Microsoft Visual Studio Solution File, Format Version 12.00
# Visual Studio 2012
Project("{FAE04EC0-301F-11D3-BF4B-00C04F79EFBC}") = "01. SQRT", "01. Exeptions\01. SQRT.csproj", "{161A8A1F-D880-4C98-A58D-F554C9B14B44}"
EndProject
Project("{FAE04EC0-301F-11D3-BF4B-00C04F79EFBC}") = "02. ReadingOfNumbers", "02. Exeptions\02. ReadingOfNumbers.csproj", "{C3075F15-F447-43D4-8DB1-CD4D8C3DA8F4}"
EndProject
Project("{FAE04EC0-301F-11D3-BF4B-00C04F79EFBC}") = "03. ReadingAndPrintingOfFile", "03. Exeptions\03. ReadingAndPrintingOfFile.csproj", "{001D0D60-FE5C-48FE-8DD4-BCA267D7CFC2}"
EndProject
Project("{FAE04EC0-301F-11D3-BF4B-00C04F79EFBC}") = "04. DownloadsAFileFromInternet", "04. Exeptions\04. DownloadsAFileFromInternet.csproj", "{1D2ACE4A-79C9-4266-8B46-8CE14FC5AD09}"
EndProject
Global
	GlobalSection(SolutionConfigurationPlatforms) = preSolution
		Debug|Any CPU = Debug|Any CPU
		Release|Any CPU = Release|Any CPU
	EndGlobalSection
	GlobalSection(ProjectConfigurationPlatforms) = postSolution
		{161A8A1F-D880-4C98-A58D-F554C9B14B44}.Debug|Any CPU.ActiveCfg = Debug|Any CPU
		{161A8A1F-D880-4C98-A58D-F554C9B14B44}.Debug|Any CPU.Build.0 = Debug|Any CPU
		{161A8A1F-D880-4C98-A58D-F554C9B14B44}.Release|Any CPU.ActiveCfg = Release|Any CPU
		{161A8A1F-D880-4C98-A58D-F554C9B14B44}.Release|Any CPU.Build.0 = Release|Any CPU
		{C3075F15-F447-43D4-8DB1-CD4D8C3DA8F4}.Debug|Any CPU.ActiveCfg = Debug|Any CPU
		{C3075F15-F447-43D4-8DB1-CD4D8C3DA8F4}.Debug|Any CPU.Build.0 = Debug|Any CPU
		{C3075F15-F447-43D4-8DB1-CD4D8C3DA8F4}.Release|Any CPU.ActiveCfg = Release|Any CPU
		{C3075F15-F447-43D4-8DB1-CD4D8C3DA8F4}.Release|Any CPU.Build.0 = Release|Any CPU
		{001D0D60-FE5C-48FE-8DD4-BCA267D7CFC2}.Debug|Any CPU.ActiveCfg = Debug|Any CPU
		{001D0D60-FE5C-48FE-8DD4-BCA267D7CFC2}.Debug|Any CPU.Build.0 = Debug|Any CPU
		{001D0D60-FE5C-48FE-8DD4-BCA267D7CFC2}.Release|Any CPU.ActiveCfg = Release|Any CPU
		{001D0D60-FE5C-48FE-8DD4-BCA267D7CFC2}.Release|Any CPU.Build.0 = Release|Any CPU
		{1D2ACE4A-79C9-4266-8B46-8CE14FC5AD09}.Debug|Any CPU.ActiveCfg = Debug|Any CPU
		{1D2ACE4A-79C9-4266-8B46-8CE14FC5AD09}.Debug|Any CPU.Build.0 = Debug|Any CPU
		{1D2ACE4A-79C9-4266-8B46-8CE14FC5AD09}.Release|Any CPU.ActiveCfg = Release|Any CPU
		{1D2ACE4A-79C9-4266-8B46-8CE14FC5AD09}.Release|Any CPU.Build.0 = Release|Any CPU
	EndGlobalSection
	GlobalSection(SolutionProperties) = preSolution
		HideSolutionNode = FALSE
	EndGlobalSection
EndGlobal
