
Microsoft Visual Studio Solution File, Format Version 12.00
# Visual Studio 2012
Project("{FAE04EC0-301F-11D3-BF4B-00C04F79EFBC}") = "01. LeapOrNoLeapYear", "01. ClassesAndObjects\01. ClassesAndObjects\01. LeapOrNoLeapYear.csproj", "{A3896F66-EC7E-4E4D-8456-52B69821F6EF}"
EndProject
Project("{FAE04EC0-301F-11D3-BF4B-00C04F79EFBC}") = "02. RandomValues", "02. ClassesAndObjects\02. RandomValues.csproj", "{87BB2669-DB02-4DDC-99EE-325759417915}"
EndProject
Project("{FAE04EC0-301F-11D3-BF4B-00C04F79EFBC}") = "03. WhichDayOfTheWeekIsToday", "03. ClassesAndObjects\03. WhichDayOfTheWeekIsToday.csproj", "{81AA2753-979B-4270-944B-1EDECF31C3B8}"
EndProject
Project("{FAE04EC0-301F-11D3-BF4B-00C04F79EFBC}") = "04. SurfaceOfTriangle", "04. ClassesAndObjects\04. SurfaceOfTriangle.csproj", "{C7C4D891-895D-4269-A283-9531828B2017}"
EndProject
Project("{FAE04EC0-301F-11D3-BF4B-00C04F79EFBC}") = "05. NumberOfWorkdays", "05. ClassesAndObjects\05. NumberOfWorkdays.csproj", "{FC926E52-CD03-41A1-AB71-BF14FE2E74DF}"
EndProject
Project("{FAE04EC0-301F-11D3-BF4B-00C04F79EFBC}") = "06. SomOfStringSequence", "06. ClassesAndObjects\06. SomOfStringSequence.csproj", "{B6ED3FCE-91C4-45DC-B768-9898FD66B0D9}"
EndProject
Project("{FAE04EC0-301F-11D3-BF4B-00C04F79EFBC}") = "07. ClassesAndObjects", "07. ClassesAndObjects\07. ClassesAndObjects.csproj", "{8A5A2584-F448-4521-9F41-B3782BE3E735}"
EndProject
Project("{FAE04EC0-301F-11D3-BF4B-00C04F79EFBC}") = "math", "opit\math.csproj", "{620D9CAA-10E5-4F60-AB81-F35140488160}"
EndProject
Global
	GlobalSection(SolutionConfigurationPlatforms) = preSolution
		Debug|Any CPU = Debug|Any CPU
		Release|Any CPU = Release|Any CPU
	EndGlobalSection
	GlobalSection(ProjectConfigurationPlatforms) = postSolution
		{A3896F66-EC7E-4E4D-8456-52B69821F6EF}.Debug|Any CPU.ActiveCfg = Debug|Any CPU
		{A3896F66-EC7E-4E4D-8456-52B69821F6EF}.Debug|Any CPU.Build.0 = Debug|Any CPU
		{A3896F66-EC7E-4E4D-8456-52B69821F6EF}.Release|Any CPU.ActiveCfg = Release|Any CPU
		{A3896F66-EC7E-4E4D-8456-52B69821F6EF}.Release|Any CPU.Build.0 = Release|Any CPU
		{87BB2669-DB02-4DDC-99EE-325759417915}.Debug|Any CPU.ActiveCfg = Debug|Any CPU
		{87BB2669-DB02-4DDC-99EE-325759417915}.Debug|Any CPU.Build.0 = Debug|Any CPU
		{87BB2669-DB02-4DDC-99EE-325759417915}.Release|Any CPU.ActiveCfg = Release|Any CPU
		{87BB2669-DB02-4DDC-99EE-325759417915}.Release|Any CPU.Build.0 = Release|Any CPU
		{81AA2753-979B-4270-944B-1EDECF31C3B8}.Debug|Any CPU.ActiveCfg = Debug|Any CPU
		{81AA2753-979B-4270-944B-1EDECF31C3B8}.Debug|Any CPU.Build.0 = Debug|Any CPU
		{81AA2753-979B-4270-944B-1EDECF31C3B8}.Release|Any CPU.ActiveCfg = Release|Any CPU
		{81AA2753-979B-4270-944B-1EDECF31C3B8}.Release|Any CPU.Build.0 = Release|Any CPU
		{C7C4D891-895D-4269-A283-9531828B2017}.Debug|Any CPU.ActiveCfg = Debug|Any CPU
		{C7C4D891-895D-4269-A283-9531828B2017}.Debug|Any CPU.Build.0 = Debug|Any CPU
		{C7C4D891-895D-4269-A283-9531828B2017}.Release|Any CPU.ActiveCfg = Release|Any CPU
		{C7C4D891-895D-4269-A283-9531828B2017}.Release|Any CPU.Build.0 = Release|Any CPU
		{FC926E52-CD03-41A1-AB71-BF14FE2E74DF}.Debug|Any CPU.ActiveCfg = Debug|Any CPU
		{FC926E52-CD03-41A1-AB71-BF14FE2E74DF}.Debug|Any CPU.Build.0 = Debug|Any CPU
		{FC926E52-CD03-41A1-AB71-BF14FE2E74DF}.Release|Any CPU.ActiveCfg = Release|Any CPU
		{FC926E52-CD03-41A1-AB71-BF14FE2E74DF}.Release|Any CPU.Build.0 = Release|Any CPU
		{B6ED3FCE-91C4-45DC-B768-9898FD66B0D9}.Debug|Any CPU.ActiveCfg = Debug|Any CPU
		{B6ED3FCE-91C4-45DC-B768-9898FD66B0D9}.Debug|Any CPU.Build.0 = Debug|Any CPU
		{B6ED3FCE-91C4-45DC-B768-9898FD66B0D9}.Release|Any CPU.ActiveCfg = Release|Any CPU
		{B6ED3FCE-91C4-45DC-B768-9898FD66B0D9}.Release|Any CPU.Build.0 = Release|Any CPU
		{8A5A2584-F448-4521-9F41-B3782BE3E735}.Debug|Any CPU.ActiveCfg = Debug|Any CPU
		{8A5A2584-F448-4521-9F41-B3782BE3E735}.Debug|Any CPU.Build.0 = Debug|Any CPU
		{8A5A2584-F448-4521-9F41-B3782BE3E735}.Release|Any CPU.ActiveCfg = Release|Any CPU
		{8A5A2584-F448-4521-9F41-B3782BE3E735}.Release|Any CPU.Build.0 = Release|Any CPU
		{620D9CAA-10E5-4F60-AB81-F35140488160}.Debug|Any CPU.ActiveCfg = Debug|Any CPU
		{620D9CAA-10E5-4F60-AB81-F35140488160}.Debug|Any CPU.Build.0 = Debug|Any CPU
		{620D9CAA-10E5-4F60-AB81-F35140488160}.Release|Any CPU.ActiveCfg = Release|Any CPU
		{620D9CAA-10E5-4F60-AB81-F35140488160}.Release|Any CPU.Build.0 = Release|Any CPU
	EndGlobalSection
	GlobalSection(SolutionProperties) = preSolution
		HideSolutionNode = FALSE
	EndGlobalSection
EndGlobal
