
Microsoft Visual Studio Solution File, Format Version 12.00
# Visual Studio 2012
Project("{FAE04EC0-301F-11D3-BF4B-00C04F79EFBC}") = "01. ConvertDecToBin", "01. NumeralSystemws\01. ConvertDecToBin.csproj", "{5EC0E29C-0963-4EBB-9E0D-EF9D02759248}"
EndProject
Project("{FAE04EC0-301F-11D3-BF4B-00C04F79EFBC}") = "02. ConvertBinToDec", "02. NumeralSystemws\02. ConvertBinToDec.csproj", "{000B24E8-AB38-48F2-A168-89BF176FC6AC}"
EndProject
Project("{FAE04EC0-301F-11D3-BF4B-00C04F79EFBC}") = "03. ConvertDecToHex", "03. NumeralSystemws\03. ConvertDecToHex.csproj", "{9817E98D-0B9C-451B-82C5-FD7FF8566C4A}"
EndProject
Project("{FAE04EC0-301F-11D3-BF4B-00C04F79EFBC}") = "04. ConvertHexToDec", "04. NumeralSystemws\04. ConvertHexToDec.csproj", "{E7CFE953-C8AB-47F4-B703-09AF98AF5619}"
EndProject
Project("{FAE04EC0-301F-11D3-BF4B-00C04F79EFBC}") = "05. ConverHexToBin", "05. NumeralSystemws\05. ConverHexToBin.csproj", "{8168F730-0FD7-477E-9456-1BC131DF536C}"
EndProject
Project("{FAE04EC0-301F-11D3-BF4B-00C04F79EFBC}") = "06. ConvertBinToHex", "06. NumeralSystemws\06. ConvertBinToHex.csproj", "{BD7241F0-435B-4809-8A18-676E35C80094}"
EndProject
Project("{FAE04EC0-301F-11D3-BF4B-00C04F79EFBC}") = "07. UniversalConventor", "07. NumeralSystemws\07. UniversalConventor.csproj", "{82BE9E35-72C9-4D2B-8653-0DA2ECED19FA}"
EndProject
Project("{FAE04EC0-301F-11D3-BF4B-00C04F79EFBC}") = "08. ConvertDecToBin", "08. NumeralSystemws\08. ConvertDecToBin.csproj", "{5D933D67-88D2-488E-B13A-B2948990A4E4}"
EndProject
Project("{FAE04EC0-301F-11D3-BF4B-00C04F79EFBC}") = "09. NumeralSystems", "09. NumeralSystemws\09. NumeralSystems.csproj", "{5ABF948E-A5BB-4499-8979-6CF682659043}"
EndProject
Global
	GlobalSection(SolutionConfigurationPlatforms) = preSolution
		Debug|Any CPU = Debug|Any CPU
		Release|Any CPU = Release|Any CPU
	EndGlobalSection
	GlobalSection(ProjectConfigurationPlatforms) = postSolution
		{5EC0E29C-0963-4EBB-9E0D-EF9D02759248}.Debug|Any CPU.ActiveCfg = Debug|Any CPU
		{5EC0E29C-0963-4EBB-9E0D-EF9D02759248}.Debug|Any CPU.Build.0 = Debug|Any CPU
		{5EC0E29C-0963-4EBB-9E0D-EF9D02759248}.Release|Any CPU.ActiveCfg = Release|Any CPU
		{5EC0E29C-0963-4EBB-9E0D-EF9D02759248}.Release|Any CPU.Build.0 = Release|Any CPU
		{000B24E8-AB38-48F2-A168-89BF176FC6AC}.Debug|Any CPU.ActiveCfg = Debug|Any CPU
		{000B24E8-AB38-48F2-A168-89BF176FC6AC}.Debug|Any CPU.Build.0 = Debug|Any CPU
		{000B24E8-AB38-48F2-A168-89BF176FC6AC}.Release|Any CPU.ActiveCfg = Release|Any CPU
		{000B24E8-AB38-48F2-A168-89BF176FC6AC}.Release|Any CPU.Build.0 = Release|Any CPU
		{9817E98D-0B9C-451B-82C5-FD7FF8566C4A}.Debug|Any CPU.ActiveCfg = Debug|Any CPU
		{9817E98D-0B9C-451B-82C5-FD7FF8566C4A}.Debug|Any CPU.Build.0 = Debug|Any CPU
		{9817E98D-0B9C-451B-82C5-FD7FF8566C4A}.Release|Any CPU.ActiveCfg = Release|Any CPU
		{9817E98D-0B9C-451B-82C5-FD7FF8566C4A}.Release|Any CPU.Build.0 = Release|Any CPU
		{E7CFE953-C8AB-47F4-B703-09AF98AF5619}.Debug|Any CPU.ActiveCfg = Debug|Any CPU
		{E7CFE953-C8AB-47F4-B703-09AF98AF5619}.Debug|Any CPU.Build.0 = Debug|Any CPU
		{E7CFE953-C8AB-47F4-B703-09AF98AF5619}.Release|Any CPU.ActiveCfg = Release|Any CPU
		{E7CFE953-C8AB-47F4-B703-09AF98AF5619}.Release|Any CPU.Build.0 = Release|Any CPU
		{8168F730-0FD7-477E-9456-1BC131DF536C}.Debug|Any CPU.ActiveCfg = Debug|Any CPU
		{8168F730-0FD7-477E-9456-1BC131DF536C}.Debug|Any CPU.Build.0 = Debug|Any CPU
		{8168F730-0FD7-477E-9456-1BC131DF536C}.Release|Any CPU.ActiveCfg = Release|Any CPU
		{8168F730-0FD7-477E-9456-1BC131DF536C}.Release|Any CPU.Build.0 = Release|Any CPU
		{BD7241F0-435B-4809-8A18-676E35C80094}.Debug|Any CPU.ActiveCfg = Debug|Any CPU
		{BD7241F0-435B-4809-8A18-676E35C80094}.Debug|Any CPU.Build.0 = Debug|Any CPU
		{BD7241F0-435B-4809-8A18-676E35C80094}.Release|Any CPU.ActiveCfg = Release|Any CPU
		{BD7241F0-435B-4809-8A18-676E35C80094}.Release|Any CPU.Build.0 = Release|Any CPU
		{82BE9E35-72C9-4D2B-8653-0DA2ECED19FA}.Debug|Any CPU.ActiveCfg = Debug|Any CPU
		{82BE9E35-72C9-4D2B-8653-0DA2ECED19FA}.Debug|Any CPU.Build.0 = Debug|Any CPU
		{82BE9E35-72C9-4D2B-8653-0DA2ECED19FA}.Release|Any CPU.ActiveCfg = Release|Any CPU
		{82BE9E35-72C9-4D2B-8653-0DA2ECED19FA}.Release|Any CPU.Build.0 = Release|Any CPU
		{5D933D67-88D2-488E-B13A-B2948990A4E4}.Debug|Any CPU.ActiveCfg = Debug|Any CPU
		{5D933D67-88D2-488E-B13A-B2948990A4E4}.Debug|Any CPU.Build.0 = Debug|Any CPU
		{5D933D67-88D2-488E-B13A-B2948990A4E4}.Release|Any CPU.ActiveCfg = Release|Any CPU
		{5D933D67-88D2-488E-B13A-B2948990A4E4}.Release|Any CPU.Build.0 = Release|Any CPU
		{5ABF948E-A5BB-4499-8979-6CF682659043}.Debug|Any CPU.ActiveCfg = Debug|Any CPU
		{5ABF948E-A5BB-4499-8979-6CF682659043}.Debug|Any CPU.Build.0 = Debug|Any CPU
		{5ABF948E-A5BB-4499-8979-6CF682659043}.Release|Any CPU.ActiveCfg = Release|Any CPU
		{5ABF948E-A5BB-4499-8979-6CF682659043}.Release|Any CPU.Build.0 = Release|Any CPU
	EndGlobalSection
	GlobalSection(SolutionProperties) = preSolution
		HideSolutionNode = FALSE
	EndGlobalSection
EndGlobal
